
Microsoft Visual Studio Solution File, Format Version 12.00
# Visual Studio Version 17
VisualStudioVersion = 17.6.33712.159
MinimumVisualStudioVersion = 10.0.40219.1
Project("{FAE04EC0-301F-11D3-BF4B-00C04F79EFBC}") = "WpfApp3", "WpfApp3\WpfApp3.csproj", "{28E61B31-85B6-45CD-87EC-0A35F38E0DCA}"
EndProject
Global
	GlobalSection(SolutionConfigurationPlatforms) = preSolution
		Debug|Any CPU = Debug|Any CPU
		Release|Any CPU = Release|Any CPU
	EndGlobalSection
	GlobalSection(ProjectConfigurationPlatforms) = postSolution
		{28E61B31-85B6-45CD-87EC-0A35F38E0DCA}.Debug|Any CPU.ActiveCfg = Debug|Any CPU
		{28E61B31-85B6-45CD-87EC-0A35F38E0DCA}.Debug|Any CPU.Build.0 = Debug|Any CPU
		{28E61B31-85B6-45CD-87EC-0A35F38E0DCA}.Release|Any CPU.ActiveCfg = Release|Any CPU
		{28E61B31-85B6-45CD-87EC-0A35F38E0DCA}.Release|Any CPU.Build.0 = Release|Any CPU
	EndGlobalSection
	GlobalSection(SolutionProperties) = preSolution
		HideSolutionNode = FALSE
	EndGlobalSection
	GlobalSection(ExtensibilityGlobals) = postSolution
		SolutionGuid = {AAE32D61-5921-4801-AFF2-FCBBF671DEEB}
	EndGlobalSection
EndGlobal
